// !$*UTF8*$!
{
	archiveVersion = 1;
	classes = {
	};
	objectVersion = 77;
	objects = {

/* Begin PBXBuildFile section */
		73798E372E39C32800676E57 /* AppDelegate.swift in Sources */ = {isa = PBXBuildFile; fileRef = 73798E2D2E39C32800676E57 /* AppDelegate.swift */; };
		73798E3A2E39C32800676E57 /* Assets.xcassets in Resources */ = {isa = PBXBuildFile; fileRef = 73798E2E2E39C32800676E57 /* Assets.xcassets */; };
		73798E3C2E39C32800676E57 /* LaunchScreen.storyboard in Resources */ = {isa = PBXBuildFile; fileRef = 73798E312E39C32800676E57 /* LaunchScreen.storyboard */; };
		73798E512E39C49B00676E57 /* BaseViewController.swift in Sources */ = {isa = PBXBuildFile; fileRef = 73798E502E39C49B00676E57 /* BaseViewController.swift */; };
		73798E532E39C4B300676E57 /* BaseTabBarController.swift in Sources */ = {isa = PBXBuildFile; fileRef = 73798E522E39C4B300676E57 /* BaseTabBarController.swift */; };
		73798E552E39C4C600676E57 /* BaseNavigationViewController.swift in Sources */ = {isa = PBXBuildFile; fileRef = 73798E542E39C4C600676E57 /* BaseNavigationViewController.swift */; };
		73798E572E39C4DE00676E57 /* LaunchViewController.swift in Sources */ = {isa = PBXBuildFile; fileRef = 73798E562E39C4DE00676E57 /* LaunchViewController.swift */; };
		73798E5B2E39C50200676E57 /* LoginConfig.swift in Sources */ = {isa = PBXBuildFile; fileRef = 73798E5A2E39C4FD00676E57 /* LoginConfig.swift */; };
		73798E5E2E39CAC000676E57 /* NetworkManager.swift in Sources */ = {isa = PBXBuildFile; fileRef = 73798E5D2E39CAB200676E57 /* NetworkManager.swift */; };
		73798E612E39CB4800676E57 /* ExtensionConfig.swift in Sources */ = {isa = PBXBuildFile; fileRef = 73798E602E39CB3E00676E57 /* ExtensionConfig.swift */; };
		73798E642E39CB9800676E57 /* PopPrivacyView.swift in Sources */ = {isa = PBXBuildFile; fileRef = 73798E632E39CB9700676E57 /* PopPrivacyView.swift */; };
		73798E662E39CBBD00676E57 /* BaseView.swift in Sources */ = {isa = PBXBuildFile; fileRef = 73798E652E39CBBD00676E57 /* BaseView.swift */; };
		73798E682E39CCE100676E57 /* HttpRequsetManager.swift in Sources */ = {isa = PBXBuildFile; fileRef = 73798E672E39CCD600676E57 /* HttpRequsetManager.swift */; };
		73798E6B2E39CF3800676E57 /* WebViewController.swift in Sources */ = {isa = PBXBuildFile; fileRef = 73798E6A2E39CF3800676E57 /* WebViewController.swift */; };
		73798E6E2E39D06600676E57 /* LocationManagerConfig.swift in Sources */ = {isa = PBXBuildFile; fileRef = 73798E6D2E39D06500676E57 /* LocationManagerConfig.swift */; };
		73798E702E39D16400676E57 /* Untitled.swift in Sources */ = {isa = PBXBuildFile; fileRef = 73798E6F2E39D16300676E57 /* Untitled.swift */; };
		9D855DFBD1BF8EEBBDA02839 /* Pods_wintaocloud.framework in Frameworks */ = {isa = PBXBuildFile; fileRef = C9944ACF4E86D7D7A9766006 /* Pods_wintaocloud.framework */; };
/* End PBXBuildFile section */

/* Begin PBXFileReference section */
		4D02E0578EC503D53E8383AA /* Pods-wintaocloud.debug.xcconfig */ = {isa = PBXFileReference; includeInIndex = 1; lastKnownFileType = text.xcconfig; name = "Pods-wintaocloud.debug.xcconfig"; path = "Target Support Files/Pods-wintaocloud/Pods-wintaocloud.debug.xcconfig"; sourceTree = "<group>"; };
		554996B0BD157BCCF1BFCD2F /* Pods-wintaocloud.release.xcconfig */ = {isa = PBXFileReference; includeInIndex = 1; lastKnownFileType = text.xcconfig; name = "Pods-wintaocloud.release.xcconfig"; path = "Target Support Files/Pods-wintaocloud/Pods-wintaocloud.release.xcconfig"; sourceTree = "<group>"; };
		73798E152E39C32000676E57 /* wintaocloud.app */ = {isa = PBXFileReference; explicitFileType = wrapper.application; includeInIndex = 0; path = wintaocloud.app; sourceTree = BUILT_PRODUCTS_DIR; };
		73798E2D2E39C32800676E57 /* AppDelegate.swift */ = {isa = PBXFileReference; lastKnownFileType = sourcecode.swift; path = AppDelegate.swift; sourceTree = "<group>"; };
		73798E2E2E39C32800676E57 /* Assets.xcassets */ = {isa = PBXFileReference; lastKnownFileType = folder.assetcatalog; path = Assets.xcassets; sourceTree = "<group>"; };
		73798E2F2E39C32800676E57 /* Info.plist */ = {isa = PBXFileReference; lastKnownFileType = text.plist.xml; path = Info.plist; sourceTree = "<group>"; };
		73798E302E39C32800676E57 /* Base */ = {isa = PBXFileReference; lastKnownFileType = file.storyboard; name = Base; path = Base.lproj/LaunchScreen.storyboard; sourceTree = "<group>"; };
		73798E502E39C49B00676E57 /* BaseViewController.swift */ = {isa = PBXFileReference; lastKnownFileType = sourcecode.swift; path = BaseViewController.swift; sourceTree = "<group>"; };
		73798E522E39C4B300676E57 /* BaseTabBarController.swift */ = {isa = PBXFileReference; lastKnownFileType = sourcecode.swift; path = BaseTabBarController.swift; sourceTree = "<group>"; };
		73798E542E39C4C600676E57 /* BaseNavigationViewController.swift */ = {isa = PBXFileReference; lastKnownFileType = sourcecode.swift; path = BaseNavigationViewController.swift; sourceTree = "<group>"; };
		73798E562E39C4DE00676E57 /* LaunchViewController.swift */ = {isa = PBXFileReference; lastKnownFileType = sourcecode.swift; path = LaunchViewController.swift; sourceTree = "<group>"; };
		73798E5A2E39C4FD00676E57 /* LoginConfig.swift */ = {isa = PBXFileReference; lastKnownFileType = sourcecode.swift; path = LoginConfig.swift; sourceTree = "<group>"; };
		73798E5D2E39CAB200676E57 /* NetworkManager.swift */ = {isa = PBXFileReference; lastKnownFileType = sourcecode.swift; path = NetworkManager.swift; sourceTree = "<group>"; };
		73798E602E39CB3E00676E57 /* ExtensionConfig.swift */ = {isa = PBXFileReference; lastKnownFileType = sourcecode.swift; path = ExtensionConfig.swift; sourceTree = "<group>"; };
		73798E632E39CB9700676E57 /* PopPrivacyView.swift */ = {isa = PBXFileReference; lastKnownFileType = sourcecode.swift; path = PopPrivacyView.swift; sourceTree = "<group>"; };
		73798E652E39CBBD00676E57 /* BaseView.swift */ = {isa = PBXFileReference; lastKnownFileType = sourcecode.swift; path = BaseView.swift; sourceTree = "<group>"; };
		73798E672E39CCD600676E57 /* HttpRequsetManager.swift */ = {isa = PBXFileReference; lastKnownFileType = sourcecode.swift; path = HttpRequsetManager.swift; sourceTree = "<group>"; };
		73798E6A2E39CF3800676E57 /* WebViewController.swift */ = {isa = PBXFileReference; lastKnownFileType = sourcecode.swift; path = WebViewController.swift; sourceTree = "<group>"; };
		73798E6D2E39D06500676E57 /* LocationManagerConfig.swift */ = {isa = PBXFileReference; lastKnownFileType = sourcecode.swift; path = LocationManagerConfig.swift; sourceTree = "<group>"; };
		73798E6F2E39D16300676E57 /* Untitled.swift */ = {isa = PBXFileReference; lastKnownFileType = sourcecode.swift; path = Untitled.swift; sourceTree = "<group>"; };
		C9944ACF4E86D7D7A9766006 /* Pods_wintaocloud.framework */ = {isa = PBXFileReference; explicitFileType = wrapper.framework; includeInIndex = 0; path = Pods_wintaocloud.framework; sourceTree = BUILT_PRODUCTS_DIR; };
/* End PBXFileReference section */

/* Begin PBXFrameworksBuildPhase section */
		73798E122E39C32000676E57 /* Frameworks */ = {
			isa = PBXFrameworksBuildPhase;
			buildActionMask = 2147483647;
			files = (
				9D855DFBD1BF8EEBBDA02839 /* Pods_wintaocloud.framework in Frameworks */,
			);
			runOnlyForDeploymentPostprocessing = 0;
		};
/* End PBXFrameworksBuildPhase section */

/* Begin PBXGroup section */
		44EB98E0395BC2858300181D /* Pods */ = {
			isa = PBXGroup;
			children = (
				4D02E0578EC503D53E8383AA /* Pods-wintaocloud.debug.xcconfig */,
				554996B0BD157BCCF1BFCD2F /* Pods-wintaocloud.release.xcconfig */,
			);
			path = Pods;
			sourceTree = "<group>";
		};
		73798E0C2E39C32000676E57 = {
			isa = PBXGroup;
			children = (
				73798E362E39C32800676E57 /* wintaocloud */,
				73798E162E39C32000676E57 /* Products */,
				44EB98E0395BC2858300181D /* Pods */,
				E38015A2D1917923CAD76BA3 /* Frameworks */,
			);
			sourceTree = "<group>";
		};
		73798E162E39C32000676E57 /* Products */ = {
			isa = PBXGroup;
			children = (
				73798E152E39C32000676E57 /* wintaocloud.app */,
			);
			name = Products;
			sourceTree = "<group>";
		};
		73798E362E39C32800676E57 /* wintaocloud */ = {
			isa = PBXGroup;
			children = (
				73798E2F2E39C32800676E57 /* Info.plist */,
				73798E2E2E39C32800676E57 /* Assets.xcassets */,
				73798E2D2E39C32800676E57 /* AppDelegate.swift */,
				73798E312E39C32800676E57 /* LaunchScreen.storyboard */,
				73798E5C2E39C7C900676E57 /* Http */,
				73798E432E39C42900676E57 /* Login */,
				73798E422E39C3AF00676E57 /* RiskControl */,
				73798E402E39C3A100676E57 /* Diligence */,
				73798E3F2E39C39F00676E57 /* Center */,
				73798E3E2E39C39900676E57 /* Home */,
				73798E692E39CF1000676E57 /* Web */,
				73798E582E39C4EB00676E57 /* Config */,
				73798E4F2E39C48500676E57 /* Base */,
			);
			path = wintaocloud;
			sourceTree = "<group>";
		};
		73798E3E2E39C39900676E57 /* Home */ = {
			isa = PBXGroup;
			children = (
				73798E462E39C44400676E57 /* View */,
				73798E442E39C43900676E57 /* Controller */,
			);
			path = Home;
			sourceTree = "<group>";
		};
		73798E3F2E39C39F00676E57 /* Center */ = {
			isa = PBXGroup;
			children = (
				73798E482E39C45600676E57 /* View */,
				73798E472E39C44A00676E57 /* Controller */,
			);
			path = Center;
			sourceTree = "<group>";
		};
		73798E402E39C3A100676E57 /* Diligence */ = {
			isa = PBXGroup;
			children = (
				73798E4A2E39C46200676E57 /* View */,
				73798E492E39C45A00676E57 /* Controller */,
			);
			path = Diligence;
			sourceTree = "<group>";
		};
		73798E422E39C3AF00676E57 /* RiskControl */ = {
			isa = PBXGroup;
			children = (
				73798E4C2E39C46E00676E57 /* View */,
				73798E4B2E39C46600676E57 /* Controller */,
			);
			path = RiskControl;
			sourceTree = "<group>";
		};
		73798E432E39C42900676E57 /* Login */ = {
			isa = PBXGroup;
			children = (
				73798E4E2E39C47800676E57 /* View */,
				73798E4D2E39C47200676E57 /* Controller */,
			);
			path = Login;
			sourceTree = "<group>";
		};
		73798E442E39C43900676E57 /* Controller */ = {
			isa = PBXGroup;
			children = (
			);
			path = Controller;
			sourceTree = "<group>";
		};
		73798E462E39C44400676E57 /* View */ = {
			isa = PBXGroup;
			children = (
			);
			path = View;
			sourceTree = "<group>";
		};
		73798E472E39C44A00676E57 /* Controller */ = {
			isa = PBXGroup;
			children = (
			);
			path = Controller;
			sourceTree = "<group>";
		};
		73798E482E39C45600676E57 /* View */ = {
			isa = PBXGroup;
			children = (
			);
			path = View;
			sourceTree = "<group>";
		};
		73798E492E39C45A00676E57 /* Controller */ = {
			isa = PBXGroup;
			children = (
			);
			path = Controller;
			sourceTree = "<group>";
		};
		73798E4A2E39C46200676E57 /* View */ = {
			isa = PBXGroup;
			children = (
			);
			path = View;
			sourceTree = "<group>";
		};
		73798E4B2E39C46600676E57 /* Controller */ = {
			isa = PBXGroup;
			children = (
			);
			path = Controller;
			sourceTree = "<group>";
		};
		73798E4C2E39C46E00676E57 /* View */ = {
			isa = PBXGroup;
			children = (
			);
			path = View;
			sourceTree = "<group>";
		};
		73798E4D2E39C47200676E57 /* Controller */ = {
			isa = PBXGroup;
			children = (
			);
			path = Controller;
			sourceTree = "<group>";
		};
		73798E4E2E39C47800676E57 /* View */ = {
			isa = PBXGroup;
			children = (
			);
			path = View;
			sourceTree = "<group>";
		};
		73798E4F2E39C48500676E57 /* Base */ = {
			isa = PBXGroup;
			children = (
				73798E652E39CBBD00676E57 /* BaseView.swift */,
				73798E502E39C49B00676E57 /* BaseViewController.swift */,
				73798E522E39C4B300676E57 /* BaseTabBarController.swift */,
				73798E562E39C4DE00676E57 /* LaunchViewController.swift */,
				73798E542E39C4C600676E57 /* BaseNavigationViewController.swift */,
			);
			path = Base;
			sourceTree = "<group>";
		};
		73798E582E39C4EB00676E57 /* Config */ = {
			isa = PBXGroup;
			children = (
				73798E6F2E39D16300676E57 /* Untitled.swift */,
				73798E6C2E39D02B00676E57 /* LocationService */,
				73798E622E39CB8000676E57 /* PopConfig */,
				73798E592E39C4F400676E57 /* LoginConfig */,
				73798E5F2E39CB2E00676E57 /* ExtensionConfig */,
			);
			path = Config;
			sourceTree = "<group>";
		};
		73798E592E39C4F400676E57 /* LoginConfig */ = {
			isa = PBXGroup;
			children = (
				73798E5A2E39C4FD00676E57 /* LoginConfig.swift */,
			);
			path = LoginConfig;
			sourceTree = "<group>";
		};
		73798E5C2E39C7C900676E57 /* Http */ = {
			isa = PBXGroup;
			children = (
				73798E5D2E39CAB200676E57 /* NetworkManager.swift */,
				73798E672E39CCD600676E57 /* HttpRequsetManager.swift */,
			);
			path = Http;
			sourceTree = "<group>";
		};
		73798E5F2E39CB2E00676E57 /* ExtensionConfig */ = {
			isa = PBXGroup;
			children = (
				73798E602E39CB3E00676E57 /* ExtensionConfig.swift */,
			);
			path = ExtensionConfig;
			sourceTree = "<group>";
		};
		73798E622E39CB8000676E57 /* PopConfig */ = {
			isa = PBXGroup;
			children = (
				73798E632E39CB9700676E57 /* PopPrivacyView.swift */,
			);
			path = PopConfig;
			sourceTree = "<group>";
		};
		73798E692E39CF1000676E57 /* Web */ = {
			isa = PBXGroup;
			children = (
				73798E6A2E39CF3800676E57 /* WebViewController.swift */,
			);
			path = Web;
			sourceTree = "<group>";
		};
		73798E6C2E39D02B00676E57 /* LocationService */ = {
			isa = PBXGroup;
			children = (
				73798E6D2E39D06500676E57 /* LocationManagerConfig.swift */,
			);
			path = LocationService;
			sourceTree = "<group>";
		};
		E38015A2D1917923CAD76BA3 /* Frameworks */ = {
			isa = PBXGroup;
			children = (
				C9944ACF4E86D7D7A9766006 /* Pods_wintaocloud.framework */,
			);
			name = Frameworks;
			sourceTree = "<group>";
		};
/* End PBXGroup section */

/* Begin PBXNativeTarget section */
		73798E142E39C32000676E57 /* wintaocloud */ = {
			isa = PBXNativeTarget;
			buildConfigurationList = 73798E282E39C32100676E57 /* Build configuration list for PBXNativeTarget "wintaocloud" */;
			buildPhases = (
				FBCDF54164FB3BA5D0360F70 /* [CP] Check Pods Manifest.lock */,
				73798E112E39C32000676E57 /* Sources */,
				73798E122E39C32000676E57 /* Frameworks */,
				73798E132E39C32000676E57 /* Resources */,
				FF233296F9D481FB7A385D0D /* [CP] Embed Pods Frameworks */,
			);
			buildRules = (
			);
			dependencies = (
			);
			name = wintaocloud;
			productName = wintaocloud;
			productReference = 73798E152E39C32000676E57 /* wintaocloud.app */;
			productType = "com.apple.product-type.application";
		};
/* End PBXNativeTarget section */

/* Begin PBXProject section */
		73798E0D2E39C32000676E57 /* Project object */ = {
			isa = PBXProject;
			attributes = {
				BuildIndependentTargetsInParallel = 1;
				LastSwiftUpdateCheck = 1640;
				LastUpgradeCheck = 1640;
				TargetAttributes = {
					73798E142E39C32000676E57 = {
						CreatedOnToolsVersion = 16.4;
					};
				};
			};
			buildConfigurationList = 73798E102E39C32000676E57 /* Build configuration list for PBXProject "wintaocloud" */;
			developmentRegion = en;
			hasScannedForEncodings = 0;
			knownRegions = (
				en,
				Base,
			);
			mainGroup = 73798E0C2E39C32000676E57;
			minimizedProjectReferenceProxies = 1;
			preferredProjectObjectVersion = 77;
			productRefGroup = 73798E162E39C32000676E57 /* Products */;
			projectDirPath = "";
			projectRoot = "";
			targets = (
				73798E142E39C32000676E57 /* wintaocloud */,
			);
		};
/* End PBXProject section */

/* Begin PBXResourcesBuildPhase section */
		73798E132E39C32000676E57 /* Resources */ = {
			isa = PBXResourcesBuildPhase;
			buildActionMask = 2147483647;
			files = (
				73798E3A2E39C32800676E57 /* Assets.xcassets in Resources */,
				73798E3C2E39C32800676E57 /* LaunchScreen.storyboard in Resources */,
			);
			runOnlyForDeploymentPostprocessing = 0;
		};
/* End PBXResourcesBuildPhase section */

/* Begin PBXShellScriptBuildPhase section */
		FBCDF54164FB3BA5D0360F70 /* [CP] Check Pods Manifest.lock */ = {
			isa = PBXShellScriptBuildPhase;
			buildActionMask = 2147483647;
			files = (
			);
			inputFileListPaths = (
			);
			inputPaths = (
				"${PODS_PODFILE_DIR_PATH}/Podfile.lock",
				"${PODS_ROOT}/Manifest.lock",
			);
			name = "[CP] Check Pods Manifest.lock";
			outputFileListPaths = (
			);
			outputPaths = (
				"$(DERIVED_FILE_DIR)/Pods-wintaocloud-checkManifestLockResult.txt",
			);
			runOnlyForDeploymentPostprocessing = 0;
			shellPath = /bin/sh;
			shellScript = "diff \"${PODS_PODFILE_DIR_PATH}/Podfile.lock\" \"${PODS_ROOT}/Manifest.lock\" > /dev/null\nif [ $? != 0 ] ; then\n    # print error to STDERR\n    echo \"error: The sandbox is not in sync with the Podfile.lock. Run 'pod install' or update your CocoaPods installation.\" >&2\n    exit 1\nfi\n# This output is used by Xcode 'outputs' to avoid re-running this script phase.\necho \"SUCCESS\" > \"${SCRIPT_OUTPUT_FILE_0}\"\n";
			showEnvVarsInLog = 0;
		};
		FF233296F9D481FB7A385D0D /* [CP] Embed Pods Frameworks */ = {
			isa = PBXShellScriptBuildPhase;
			buildActionMask = 2147483647;
			files = (
			);
			inputFileListPaths = (
				"${PODS_ROOT}/Target Support Files/Pods-wintaocloud/Pods-wintaocloud-frameworks-${CONFIGURATION}-input-files.xcfilelist",
			);
			inputPaths = (
			);
			name = "[CP] Embed Pods Frameworks";
			outputFileListPaths = (
				"${PODS_ROOT}/Target Support Files/Pods-wintaocloud/Pods-wintaocloud-frameworks-${CONFIGURATION}-output-files.xcfilelist",
			);
			outputPaths = (
			);
			runOnlyForDeploymentPostprocessing = 0;
			shellPath = /bin/sh;
			shellScript = "\"${PODS_ROOT}/Target Support Files/Pods-wintaocloud/Pods-wintaocloud-frameworks.sh\"\n";
			showEnvVarsInLog = 0;
		};
/* End PBXShellScriptBuildPhase section */

/* Begin PBXSourcesBuildPhase section */
		73798E112E39C32000676E57 /* Sources */ = {
			isa = PBXSourcesBuildPhase;
			buildActionMask = 2147483647;
			files = (
				73798E372E39C32800676E57 /* AppDelegate.swift in Sources */,
				73798E572E39C4DE00676E57 /* LaunchViewController.swift in Sources */,
				73798E702E39D16400676E57 /* Untitled.swift in Sources */,
				73798E512E39C49B00676E57 /* BaseViewController.swift in Sources */,
				73798E612E39CB4800676E57 /* ExtensionConfig.swift in Sources */,
				73798E682E39CCE100676E57 /* HttpRequsetManager.swift in Sources */,
				73798E642E39CB9800676E57 /* PopPrivacyView.swift in Sources */,
				73798E5E2E39CAC000676E57 /* NetworkManager.swift in Sources */,
				73798E6B2E39CF3800676E57 /* WebViewController.swift in Sources */,
				73798E532E39C4B300676E57 /* BaseTabBarController.swift in Sources */,
				73798E662E39CBBD00676E57 /* BaseView.swift in Sources */,
				73798E6E2E39D06600676E57 /* LocationManagerConfig.swift in Sources */,
				73798E552E39C4C600676E57 /* BaseNavigationViewController.swift in Sources */,
				73798E5B2E39C50200676E57 /* LoginConfig.swift in Sources */,
			);
			runOnlyForDeploymentPostprocessing = 0;
		};
/* End PBXSourcesBuildPhase section */

/* Begin PBXVariantGroup section */
		73798E312E39C32800676E57 /* LaunchScreen.storyboard */ = {
			isa = PBXVariantGroup;
			children = (
				73798E302E39C32800676E57 /* Base */,
			);
			name = LaunchScreen.storyboard;
			sourceTree = "<group>";
		};
/* End PBXVariantGroup section */

/* Begin XCBuildConfiguration section */
		73798E292E39C32100676E57 /* Debug */ = {
			isa = XCBuildConfiguration;
			baseConfigurationReference = 4D02E0578EC503D53E8383AA /* Pods-wintaocloud.debug.xcconfig */;
			buildSettings = {
				ASSETCATALOG_COMPILER_APPICON_NAME = AppIcon;
				ASSETCATALOG_COMPILER_GLOBAL_ACCENT_COLOR_NAME = AccentColor;
				CODE_SIGN_IDENTITY = "Apple Development";
				CODE_SIGN_STYLE = Automatic;
				CURRENT_PROJECT_VERSION = 1;
				DEVELOPMENT_TEAM = XS8842FK7N;
				ENABLE_USER_SCRIPT_SANDBOXING = NO;
				GENERATE_INFOPLIST_FILE = YES;
				INFOPLIST_FILE = wintaocloud/Info.plist;
				INFOPLIST_KEY_UIApplicationSupportsIndirectInputEvents = YES;
				INFOPLIST_KEY_UILaunchStoryboardName = LaunchScreen;
				INFOPLIST_KEY_UISupportedInterfaceOrientations_iPad = "UIInterfaceOrientationPortrait UIInterfaceOrientationPortraitUpsideDown UIInterfaceOrientationLandscapeLeft UIInterfaceOrientationLandscapeRight";
				INFOPLIST_KEY_UISupportedInterfaceOrientations_iPhone = "UIInterfaceOrientationPortrait UIInterfaceOrientationLandscapeLeft UIInterfaceOrientationLandscapeRight";
				INFOPLIST_KEY_UIUserInterfaceStyle = Light;
				IPHONEOS_DEPLOYMENT_TARGET = 14.0;
				LD_RUNPATH_SEARCH_PATHS = (
					"$(inherited)",
					"@executable_path/Frameworks",
				);
				MARKETING_VERSION = 1.0;
				PRODUCT_BUNDLE_IDENTIFIER = com.wentao.ald;
				PRODUCT_NAME = "$(TARGET_NAME)";
				PROVISIONING_PROFILE_SPECIFIER = "";
				SUPPORTED_PLATFORMS = "iphoneos iphonesimulator";
				SUPPORTS_MACCATALYST = NO;
				SUPPORTS_MAC_DESIGNED_FOR_IPHONE_IPAD = NO;
				SUPPORTS_XR_DESIGNED_FOR_IPHONE_IPAD = NO;
				SWIFT_EMIT_LOC_STRINGS = YES;
				SWIFT_VERSION = 5.0;
				TARGETED_DEVICE_FAMILY = 1;
			};
			name = Debug;
		};
		73798E2A2E39C32100676E57 /* Release */ = {
			isa = XCBuildConfiguration;
			baseConfigurationReference = 554996B0BD157BCCF1BFCD2F /* Pods-wintaocloud.release.xcconfig */;
			buildSettings = {
				ASSETCATALOG_COMPILER_APPICON_NAME = AppIcon;
				ASSETCATALOG_COMPILER_GLOBAL_ACCENT_COLOR_NAME = AccentColor;
				CODE_SIGN_IDENTITY = "Apple Development";
				CODE_SIGN_STYLE = Automatic;
				CURRENT_PROJECT_VERSION = 1;
				DEVELOPMENT_TEAM = XS8842FK7N;
				ENABLE_USER_SCRIPT_SANDBOXING = NO;
				GENERATE_INFOPLIST_FILE = YES;
				INFOPLIST_FILE = wintaocloud/Info.plist;
				INFOPLIST_KEY_UIApplicationSupportsIndirectInputEvents = YES;
				INFOPLIST_KEY_UILaunchStoryboardName = LaunchScreen;
				INFOPLIST_KEY_UISupportedInterfaceOrientations_iPad = "UIInterfaceOrientationPortrait UIInterfaceOrientationPortraitUpsideDown UIInterfaceOrientationLandscapeLeft UIInterfaceOrientationLandscapeRight";
				INFOPLIST_KEY_UISupportedInterfaceOrientations_iPhone = "UIInterfaceOrientationPortrait UIInterfaceOrientationLandscapeLeft UIInterfaceOrientationLandscapeRight";
				INFOPLIST_KEY_UIUserInterfaceStyle = Light;
				IPHONEOS_DEPLOYMENT_TARGET = 14.0;
				LD_RUNPATH_SEARCH_PATHS = (
					"$(inherited)",
					"@executable_path/Frameworks",
				);
				MARKETING_VERSION = 1.0;
				PRODUCT_BUNDLE_IDENTIFIER = com.wentao.ald;
				PRODUCT_NAME = "$(TARGET_NAME)";
				PROVISIONING_PROFILE_SPECIFIER = "";
				SUPPORTED_PLATFORMS = "iphoneos iphonesimulator";
				SUPPORTS_MACCATALYST = NO;
				SUPPORTS_MAC_DESIGNED_FOR_IPHONE_IPAD = NO;
				SUPPORTS_XR_DESIGNED_FOR_IPHONE_IPAD = NO;
				SWIFT_EMIT_LOC_STRINGS = YES;
				SWIFT_VERSION = 5.0;
				TARGETED_DEVICE_FAMILY = 1;
			};
			name = Release;
		};
		73798E2B2E39C32100676E57 /* Debug */ = {
			isa = XCBuildConfiguration;
			buildSettings = {
				ALWAYS_SEARCH_USER_PATHS = NO;
				ASSETCATALOG_COMPILER_GENERATE_SWIFT_ASSET_SYMBOL_EXTENSIONS = YES;
				CLANG_ANALYZER_NONNULL = YES;
				CLANG_ANALYZER_NUMBER_OBJECT_CONVERSION = YES_AGGRESSIVE;
				CLANG_CXX_LANGUAGE_STANDARD = "gnu++20";
				CLANG_ENABLE_MODULES = YES;
				CLANG_ENABLE_OBJC_ARC = YES;
				CLANG_ENABLE_OBJC_WEAK = YES;
				CLANG_WARN_BLOCK_CAPTURE_AUTORELEASING = YES;
				CLANG_WARN_BOOL_CONVERSION = YES;
				CLANG_WARN_COMMA = YES;
				CLANG_WARN_CONSTANT_CONVERSION = YES;
				CLANG_WARN_DEPRECATED_OBJC_IMPLEMENTATIONS = YES;
				CLANG_WARN_DIRECT_OBJC_ISA_USAGE = YES_ERROR;
				CLANG_WARN_DOCUMENTATION_COMMENTS = YES;
				CLANG_WARN_EMPTY_BODY = YES;
				CLANG_WARN_ENUM_CONVERSION = YES;
				CLANG_WARN_INFINITE_RECURSION = YES;
				CLANG_WARN_INT_CONVERSION = YES;
				CLANG_WARN_NON_LITERAL_NULL_CONVERSION = YES;
				CLANG_WARN_OBJC_IMPLICIT_RETAIN_SELF = YES;
				CLANG_WARN_OBJC_LITERAL_CONVERSION = YES;
				CLANG_WARN_OBJC_ROOT_CLASS = YES_ERROR;
				CLANG_WARN_QUOTED_INCLUDE_IN_FRAMEWORK_HEADER = YES;
				CLANG_WARN_RANGE_LOOP_ANALYSIS = YES;
				CLANG_WARN_STRICT_PROTOTYPES = YES;
				CLANG_WARN_SUSPICIOUS_MOVE = YES;
				CLANG_WARN_UNGUARDED_AVAILABILITY = YES_AGGRESSIVE;
				CLANG_WARN_UNREACHABLE_CODE = YES;
				CLANG_WARN__DUPLICATE_METHOD_MATCH = YES;
				COPY_PHASE_STRIP = NO;
				DEBUG_INFORMATION_FORMAT = dwarf;
				ENABLE_STRICT_OBJC_MSGSEND = YES;
				ENABLE_TESTABILITY = YES;
				ENABLE_USER_SCRIPT_SANDBOXING = YES;
				GCC_C_LANGUAGE_STANDARD = gnu17;
				GCC_DYNAMIC_NO_PIC = NO;
				GCC_NO_COMMON_BLOCKS = YES;
				GCC_OPTIMIZATION_LEVEL = 0;
				GCC_PREPROCESSOR_DEFINITIONS = (
					"DEBUG=1",
					"$(inherited)",
				);
				GCC_WARN_64_TO_32_BIT_CONVERSION = YES;
				GCC_WARN_ABOUT_RETURN_TYPE = YES_ERROR;
				GCC_WARN_UNDECLARED_SELECTOR = YES;
				GCC_WARN_UNINITIALIZED_AUTOS = YES_AGGRESSIVE;
				GCC_WARN_UNUSED_FUNCTION = YES;
				GCC_WARN_UNUSED_VARIABLE = YES;
				IPHONEOS_DEPLOYMENT_TARGET = 18.5;
				LOCALIZATION_PREFERS_STRING_CATALOGS = YES;
				MTL_ENABLE_DEBUG_INFO = INCLUDE_SOURCE;
				MTL_FAST_MATH = YES;
				ONLY_ACTIVE_ARCH = YES;
				SDKROOT = iphoneos;
				SWIFT_ACTIVE_COMPILATION_CONDITIONS = "DEBUG $(inherited)";
				SWIFT_OPTIMIZATION_LEVEL = "-Onone";
			};
			name = Debug;
		};
		73798E2C2E39C32100676E57 /* Release */ = {
			isa = XCBuildConfiguration;
			buildSettings = {
				ALWAYS_SEARCH_USER_PATHS = NO;
				ASSETCATALOG_COMPILER_GENERATE_SWIFT_ASSET_SYMBOL_EXTENSIONS = YES;
				CLANG_ANALYZER_NONNULL = YES;
				CLANG_ANALYZER_NUMBER_OBJECT_CONVERSION = YES_AGGRESSIVE;
				CLANG_CXX_LANGUAGE_STANDARD = "gnu++20";
				CLANG_ENABLE_MODULES = YES;
				CLANG_ENABLE_OBJC_ARC = YES;
				CLANG_ENABLE_OBJC_WEAK = YES;
				CLANG_WARN_BLOCK_CAPTURE_AUTORELEASING = YES;
				CLANG_WARN_BOOL_CONVERSION = YES;
				CLANG_WARN_COMMA = YES;
				CLANG_WARN_CONSTANT_CONVERSION = YES;
				CLANG_WARN_DEPRECATED_OBJC_IMPLEMENTATIONS = YES;
				CLANG_WARN_DIRECT_OBJC_ISA_USAGE = YES_ERROR;
				CLANG_WARN_DOCUMENTATION_COMMENTS = YES;
				CLANG_WARN_EMPTY_BODY = YES;
				CLANG_WARN_ENUM_CONVERSION = YES;
				CLANG_WARN_INFINITE_RECURSION = YES;
				CLANG_WARN_INT_CONVERSION = YES;
				CLANG_WARN_NON_LITERAL_NULL_CONVERSION = YES;
				CLANG_WARN_OBJC_IMPLICIT_RETAIN_SELF = YES;
				CLANG_WARN_OBJC_LITERAL_CONVERSION = YES;
				CLANG_WARN_OBJC_ROOT_CLASS = YES_ERROR;
				CLANG_WARN_QUOTED_INCLUDE_IN_FRAMEWORK_HEADER = YES;
				CLANG_WARN_RANGE_LOOP_ANALYSIS = YES;
				CLANG_WARN_STRICT_PROTOTYPES = YES;
				CLANG_WARN_SUSPICIOUS_MOVE = YES;
				CLANG_WARN_UNGUARDED_AVAILABILITY = YES_AGGRESSIVE;
				CLANG_WARN_UNREACHABLE_CODE = YES;
				CLANG_WARN__DUPLICATE_METHOD_MATCH = YES;
				COPY_PHASE_STRIP = NO;
				DEBUG_INFORMATION_FORMAT = "dwarf-with-dsym";
				ENABLE_NS_ASSERTIONS = NO;
				ENABLE_STRICT_OBJC_MSGSEND = YES;
				ENABLE_USER_SCRIPT_SANDBOXING = YES;
				GCC_C_LANGUAGE_STANDARD = gnu17;
				GCC_NO_COMMON_BLOCKS = YES;
				GCC_WARN_64_TO_32_BIT_CONVERSION = YES;
				GCC_WARN_ABOUT_RETURN_TYPE = YES_ERROR;
				GCC_WARN_UNDECLARED_SELECTOR = YES;
				GCC_WARN_UNINITIALIZED_AUTOS = YES_AGGRESSIVE;
				GCC_WARN_UNUSED_FUNCTION = YES;
				GCC_WARN_UNUSED_VARIABLE = YES;
				IPHONEOS_DEPLOYMENT_TARGET = 18.5;
				LOCALIZATION_PREFERS_STRING_CATALOGS = YES;
				MTL_ENABLE_DEBUG_INFO = NO;
				MTL_FAST_MATH = YES;
				SDKROOT = iphoneos;
				SWIFT_COMPILATION_MODE = wholemodule;
				VALIDATE_PRODUCT = YES;
			};
			name = Release;
		};
/* End XCBuildConfiguration section */

/* Begin XCConfigurationList section */
		73798E102E39C32000676E57 /* Build configuration list for PBXProject "wintaocloud" */ = {
			isa = XCConfigurationList;
			buildConfigurations = (
				73798E2B2E39C32100676E57 /* Debug */,
				73798E2C2E39C32100676E57 /* Release */,
			);
			defaultConfigurationIsVisible = 0;
			defaultConfigurationName = Release;
		};
		73798E282E39C32100676E57 /* Build configuration list for PBXNativeTarget "wintaocloud" */ = {
			isa = XCConfigurationList;
			buildConfigurations = (
				73798E292E39C32100676E57 /* Debug */,
				73798E2A2E39C32100676E57 /* Release */,
			);
			defaultConfigurationIsVisible = 0;
			defaultConfigurationName = Release;
		};
/* End XCConfigurationList section */
	};
	rootObject = 73798E0D2E39C32000676E57 /* Project object */;
}
